# This file is autogenerated, do not edit; changes may be undone by the next 'dep ensure'.


[[projects]]
  name = "github.com/cespare/xxhash"
  packages = ["."]
  revision = "5c37fe3735342a2e0d01c87a907579987c8936cc"
  version = "v1.0.0"

[[projects]]
  name = "github.com/google/flatbuffers"
  packages = ["go"]
  revision = "20a400e940634108bad812f571582eeffc728eac"
  version = "v1.9.0"

[solve-meta]
  analyzer-name = "dep"
  analyzer-version = 1
  inputs-digest = "e8c77a1d9cc9286df6e7cc0a2c51de6ae4a27e888e0635e6d33e81020ff7ac47"
  solver-name = "gps-cdcl"
  solver-version = 1
